
Microsoft Visual Studio Solution File, Format Version 12.00
# Visual Studio Version 16
VisualStudioVersion = 25.0.1704.3
MinimumVisualStudioVersion = 10.0.40219.1
Project("{FAE04EC0-301F-11D3-BF4B-00C04F79EFBC}") = "Deliverable(3)", "Deliverable(3)\Deliverable(3).csproj", "{57ACD69F-6941-4188-A05C-C58BE9F70EAA}"
EndProject
Global
	GlobalSection(SolutionConfigurationPlatforms) = preSolution
		Debug|Any CPU = Debug|Any CPU
		Release|Any CPU = Release|Any CPU
	EndGlobalSection
	GlobalSection(ProjectConfigurationPlatforms) = postSolution
		{57ACD69F-6941-4188-A05C-C58BE9F70EAA}.Debug|Any CPU.ActiveCfg = Debug|Any CPU
		{57ACD69F-6941-4188-A05C-C58BE9F70EAA}.Debug|Any CPU.Build.0 = Debug|Any CPU
		{57ACD69F-6941-4188-A05C-C58BE9F70EAA}.Release|Any CPU.ActiveCfg = Release|Any CPU
		{57ACD69F-6941-4188-A05C-C58BE9F70EAA}.Release|Any CPU.Build.0 = Release|Any CPU
	EndGlobalSection
	GlobalSection(SolutionProperties) = preSolution
		HideSolutionNode = FALSE
	EndGlobalSection
	GlobalSection(ExtensibilityGlobals) = postSolution
		SolutionGuid = {6CF5D909-79F3-4E1F-B2C1-B1DE7A4DEAB5}
	EndGlobalSection
EndGlobal
